
Microsoft Visual Studio Solution File, Format Version 12.00
# Visual Studio Version 17
VisualStudioVersion = 17.7.34221.43
MinimumVisualStudioVersion = 10.0.40219.1
Project("{FAE04EC0-301F-11D3-BF4B-00C04F79EFBC}") = "Task4.2", "Task4.2\Task4.2.csproj", "{0E89D40A-5679-4C8E-A25A-6B17523030AE}"
EndProject
Global
	GlobalSection(SolutionConfigurationPlatforms) = preSolution
		Debug|Any CPU = Debug|Any CPU
		Release|Any CPU = Release|Any CPU
	EndGlobalSection
	GlobalSection(ProjectConfigurationPlatforms) = postSolution
		{0E89D40A-5679-4C8E-A25A-6B17523030AE}.Debug|Any CPU.ActiveCfg = Debug|Any CPU
		{0E89D40A-5679-4C8E-A25A-6B17523030AE}.Debug|Any CPU.Build.0 = Debug|Any CPU
		{0E89D40A-5679-4C8E-A25A-6B17523030AE}.Release|Any CPU.ActiveCfg = Release|Any CPU
		{0E89D40A-5679-4C8E-A25A-6B17523030AE}.Release|Any CPU.Build.0 = Release|Any CPU
	EndGlobalSection
	GlobalSection(SolutionProperties) = preSolution
		HideSolutionNode = FALSE
	EndGlobalSection
	GlobalSection(ExtensibilityGlobals) = postSolution
		SolutionGuid = {5BCC6FC3-A074-406B-8BF6-10D3675096C8}
	EndGlobalSection
EndGlobal
